// !$*UTF8*$!
{
	archiveVersion = 1;
	classes = {
	};
	objectVersion = 56;
	objects = {

/* Begin PBXBuildFile section */
		4E34E0282C1DBE0D004D15A5 /* Coordinator.swift in Sources */ = {isa = PBXBuildFile; fileRef = 4E34E0272C1DBE0D004D15A5 /* Coordinator.swift */; };
		4E34E02A2C1DBF13004D15A5 /* ScreenFactory.swift in Sources */ = {isa = PBXBuildFile; fileRef = 4E34E0292C1DBF13004D15A5 /* ScreenFactory.swift */; };
		4E34E02E2C1DCA1F004D15A5 /* WebPageListCoordinator.swift in Sources */ = {isa = PBXBuildFile; fileRef = 4E34E02D2C1DCA1F004D15A5 /* WebPageListCoordinator.swift */; };
		4E34E0342C1EAA01004D15A5 /* TabBarCoordinator.swift in Sources */ = {isa = PBXBuildFile; fileRef = 4E34E0332C1EAA01004D15A5 /* TabBarCoordinator.swift */; };
		4E34E0382C1EAB9B004D15A5 /* SearchCoordinator.swift in Sources */ = {isa = PBXBuildFile; fileRef = 4E34E0372C1EAB9B004D15A5 /* SearchCoordinator.swift */; };
		4E34E03E2C1ED983004D15A5 /* FRCDelegate.swift in Sources */ = {isa = PBXBuildFile; fileRef = 4E34E03D2C1ED983004D15A5 /* FRCDelegate.swift */; };
		4E34E0412C1EF387004D15A5 /* EnergyWasteTypeCell.swift in Sources */ = {isa = PBXBuildFile; fileRef = 4E34E0402C1EF387004D15A5 /* EnergyWasteTypeCell.swift */; };
		4E34E0432C1EF3AD004D15A5 /* RenewableCell.swift in Sources */ = {isa = PBXBuildFile; fileRef = 4E34E0422C1EF3AD004D15A5 /* RenewableCell.swift */; };
		4E34E0452C1F178A004D15A5 /* WebPageCoordinator.swift in Sources */ = {isa = PBXBuildFile; fileRef = 4E34E0442C1F178A004D15A5 /* WebPageCoordinator.swift */; };
		4E34E04D2C1F5C2A004D15A5 /* Descriptions.plist in Resources */ = {isa = PBXBuildFile; fileRef = 4E34E04C2C1F5C2A004D15A5 /* Descriptions.plist */; };
		4EABD5AB2C182C210089DF1D /* AppDelegate.swift in Sources */ = {isa = PBXBuildFile; fileRef = 4EABD5AA2C182C210089DF1D /* AppDelegate.swift */; };
		4EABD5AD2C182C210089DF1D /* SceneDelegate.swift in Sources */ = {isa = PBXBuildFile; fileRef = 4EABD5AC2C182C210089DF1D /* SceneDelegate.swift */; };
		4EABD5AF2C182C210089DF1D /* WebPageListViewController.swift in Sources */ = {isa = PBXBuildFile; fileRef = 4EABD5AE2C182C210089DF1D /* WebPageListViewController.swift */; };
		4EABD5B52C182C210089DF1D /* CO2WebpageTracker.xcdatamodeld in Sources */ = {isa = PBXBuildFile; fileRef = 4EABD5B32C182C210089DF1D /* CO2WebpageTracker.xcdatamodeld */; };
		4EABD5B72C182C240089DF1D /* Assets.xcassets in Resources */ = {isa = PBXBuildFile; fileRef = 4EABD5B62C182C240089DF1D /* Assets.xcassets */; };
		4EABD5BA2C182C240089DF1D /* LaunchScreen.storyboard in Resources */ = {isa = PBXBuildFile; fileRef = 4EABD5B82C182C240089DF1D /* LaunchScreen.storyboard */; };
		4EABD5C22C1998320089DF1D /* NetworkService.swift in Sources */ = {isa = PBXBuildFile; fileRef = 4EABD5C12C1998320089DF1D /* NetworkService.swift */; };
		4EABD5C72C1AD3420089DF1D /* APIErrors.swift in Sources */ = {isa = PBXBuildFile; fileRef = 4EABD5C62C1AD3420089DF1D /* APIErrors.swift */; };
		4EABD5C92C1AD3760089DF1D /* NetworkMonitor.swift in Sources */ = {isa = PBXBuildFile; fileRef = 4EABD5C82C1AD3760089DF1D /* NetworkMonitor.swift */; };
		4EABD5CB2C1AD3C80089DF1D /* Constants.swift in Sources */ = {isa = PBXBuildFile; fileRef = 4EABD5CA2C1AD3C80089DF1D /* Constants.swift */; };
		4EABD5CD2C1AD6F10089DF1D /* CorboneDTO.swift in Sources */ = {isa = PBXBuildFile; fileRef = 4EABD5CC2C1AD6F10089DF1D /* CorboneDTO.swift */; };
		4EABD5D12C1AE1E20089DF1D /* WebPageListView.swift in Sources */ = {isa = PBXBuildFile; fileRef = 4EABD5D02C1AE1E20089DF1D /* WebPageListView.swift */; };
		4EABD5D32C1AE2260089DF1D /* IWebPageListPresenter.swift in Sources */ = {isa = PBXBuildFile; fileRef = 4EABD5D22C1AE2260089DF1D /* IWebPageListPresenter.swift */; };
		4EABD5D52C1AE2CC0089DF1D /* WebPageListPresenter.swift in Sources */ = {isa = PBXBuildFile; fileRef = 4EABD5D42C1AE2CC0089DF1D /* WebPageListPresenter.swift */; };
		4EABD5D72C1AE4410089DF1D /* WebPageListTableViewCell.swift in Sources */ = {isa = PBXBuildFile; fileRef = 4EABD5D62C1AE4410089DF1D /* WebPageListTableViewCell.swift */; };
		4EABD5D92C1AE4690089DF1D /* WebPageListViewData.swift in Sources */ = {isa = PBXBuildFile; fileRef = 4EABD5D82C1AE4690089DF1D /* WebPageListViewData.swift */; };
		4EABD5DD2C1C1DAE0089DF1D /* SearchWebPageViewController.swift in Sources */ = {isa = PBXBuildFile; fileRef = 4EABD5DC2C1C1DAE0089DF1D /* SearchWebPageViewController.swift */; };
		4EABD5DF2C1C1E130089DF1D /* WebPageSearchView.swift in Sources */ = {isa = PBXBuildFile; fileRef = 4EABD5DE2C1C1E130089DF1D /* WebPageSearchView.swift */; };
		4EABD5E12C1C1FCA0089DF1D /* LoadingView.swift in Sources */ = {isa = PBXBuildFile; fileRef = 4EABD5E02C1C1FCA0089DF1D /* LoadingView.swift */; };
		4EABD5E32C1C23510089DF1D /* SearchWebPagePresenter.swift in Sources */ = {isa = PBXBuildFile; fileRef = 4EABD5E22C1C23510089DF1D /* SearchWebPagePresenter.swift */; };
		4EABD5E52C1C23D60089DF1D /* SearchViewData.swift in Sources */ = {isa = PBXBuildFile; fileRef = 4EABD5E42C1C23D60089DF1D /* SearchViewData.swift */; };
		4EABD5E82C1C25CB0089DF1D /* DataService.swift in Sources */ = {isa = PBXBuildFile; fileRef = 4EABD5E72C1C25CB0089DF1D /* DataService.swift */; };
		4EABD5EC2C1C285C0089DF1D /* SearchView.swift in Sources */ = {isa = PBXBuildFile; fileRef = 4EABD5EB2C1C285C0089DF1D /* SearchView.swift */; };
		4EABD5F22C1C8CB40089DF1D /* WebPageViewController.swift in Sources */ = {isa = PBXBuildFile; fileRef = 4EABD5F12C1C8CB40089DF1D /* WebPageViewController.swift */; };
		4EABD5F52C1C8D530089DF1D /* WebPageView.swift in Sources */ = {isa = PBXBuildFile; fileRef = 4EABD5F42C1C8D530089DF1D /* WebPageView.swift */; };
		4EABD5F72C1C8F8F0089DF1D /* CarbonRatingCell.swift in Sources */ = {isa = PBXBuildFile; fileRef = 4EABD5F62C1C8F8F0089DF1D /* CarbonRatingCell.swift */; };
		4EABD5F92C1C92490089DF1D /* WebPagePresenter.swift in Sources */ = {isa = PBXBuildFile; fileRef = 4EABD5F82C1C92490089DF1D /* WebPagePresenter.swift */; };
		4EABD5FB2C1C93050089DF1D /* WebPageViewData.swift in Sources */ = {isa = PBXBuildFile; fileRef = 4EABD5FA2C1C93050089DF1D /* WebPageViewData.swift */; };
		4EABD5FD2C1C95240089DF1D /* WebPageSection.swift in Sources */ = {isa = PBXBuildFile; fileRef = 4EABD5FC2C1C95240089DF1D /* WebPageSection.swift */; };
		4EAC84752C2008B700F6CD8A /* TabBarController.swift in Sources */ = {isa = PBXBuildFile; fileRef = 4EAC84742C2008B700F6CD8A /* TabBarController.swift */; };
		4EAC84772C202E7300F6CD8A /* UIColor + hex.swift in Sources */ = {isa = PBXBuildFile; fileRef = 4EAC84762C202E7300F6CD8A /* UIColor + hex.swift */; };
		4EAC84792C20340E00F6CD8A /* DescriptionConstructor.swift in Sources */ = {isa = PBXBuildFile; fileRef = 4EAC84782C20340E00F6CD8A /* DescriptionConstructor.swift */; };
		4EAC84802C20550400F6CD8A /* UIColor + customColor.swift in Sources */ = {isa = PBXBuildFile; fileRef = 4EAC847F2C20550400F6CD8A /* UIColor + customColor.swift */; };
		4EAC84822C20995F00F6CD8A /* UIFont + CustomFont.swift in Sources */ = {isa = PBXBuildFile; fileRef = 4EAC84812C20995F00F6CD8A /* UIFont + CustomFont.swift */; };
		4EAC84842C215BC700F6CD8A /* GradientRatingView.swift in Sources */ = {isa = PBXBuildFile; fileRef = 4EAC84832C215BC700F6CD8A /* GradientRatingView.swift */; };
		4EAC848B2C21A3A100F6CD8A /* WebPageInfo+CoreDataClass.swift in Sources */ = {isa = PBXBuildFile; fileRef = 4EAC84892C21A3A100F6CD8A /* WebPageInfo+CoreDataClass.swift */; };
		4EAC848C2C21A3A100F6CD8A /* WebPageInfo+CoreDataProperties.swift in Sources */ = {isa = PBXBuildFile; fileRef = 4EAC848A2C21A3A100F6CD8A /* WebPageInfo+CoreDataProperties.swift */; };
		4EAC848E2C21C2F800F6CD8A /* StepperDelegate.swift in Sources */ = {isa = PBXBuildFile; fileRef = 4EAC848D2C21C2F800F6CD8A /* StepperDelegate.swift */; };
		4EAC84912C21FC7300F6CD8A /* CoreDataErrors.swift in Sources */ = {isa = PBXBuildFile; fileRef = 4EAC84902C21FC7300F6CD8A /* CoreDataErrors.swift */; };
		4EAC84932C2201A400F6CD8A /* DataMapper.swift in Sources */ = {isa = PBXBuildFile; fileRef = 4EAC84922C2201A400F6CD8A /* DataMapper.swift */; };
/* End PBXBuildFile section */

/* Begin PBXFileReference section */
		4E34E0272C1DBE0D004D15A5 /* Coordinator.swift */ = {isa = PBXFileReference; lastKnownFileType = sourcecode.swift; path = Coordinator.swift; sourceTree = "<group>"; };
		4E34E0292C1DBF13004D15A5 /* ScreenFactory.swift */ = {isa = PBXFileReference; lastKnownFileType = sourcecode.swift; path = ScreenFactory.swift; sourceTree = "<group>"; };
		4E34E02D2C1DCA1F004D15A5 /* WebPageListCoordinator.swift */ = {isa = PBXFileReference; lastKnownFileType = sourcecode.swift; path = WebPageListCoordinator.swift; sourceTree = "<group>"; };
		4E34E0332C1EAA01004D15A5 /* TabBarCoordinator.swift */ = {isa = PBXFileReference; lastKnownFileType = sourcecode.swift; path = TabBarCoordinator.swift; sourceTree = "<group>"; };
		4E34E0372C1EAB9B004D15A5 /* SearchCoordinator.swift */ = {isa = PBXFileReference; lastKnownFileType = sourcecode.swift; path = SearchCoordinator.swift; sourceTree = "<group>"; };
		4E34E03D2C1ED983004D15A5 /* FRCDelegate.swift */ = {isa = PBXFileReference; lastKnownFileType = sourcecode.swift; path = FRCDelegate.swift; sourceTree = "<group>"; };
		4E34E0402C1EF387004D15A5 /* EnergyWasteTypeCell.swift */ = {isa = PBXFileReference; lastKnownFileType = sourcecode.swift; path = EnergyWasteTypeCell.swift; sourceTree = "<group>"; };
		4E34E0422C1EF3AD004D15A5 /* RenewableCell.swift */ = {isa = PBXFileReference; lastKnownFileType = sourcecode.swift; path = RenewableCell.swift; sourceTree = "<group>"; };
		4E34E0442C1F178A004D15A5 /* WebPageCoordinator.swift */ = {isa = PBXFileReference; lastKnownFileType = sourcecode.swift; path = WebPageCoordinator.swift; sourceTree = "<group>"; };
		4E34E04C2C1F5C2A004D15A5 /* Descriptions.plist */ = {isa = PBXFileReference; lastKnownFileType = text.plist.xml; path = Descriptions.plist; sourceTree = "<group>"; };
		4E34E04E2C1F5DBA004D15A5 /* desc.md */ = {isa = PBXFileReference; lastKnownFileType = net.daringfireball.markdown; path = desc.md; sourceTree = "<group>"; xcLanguageSpecificationIdentifier = xcode.lang.xml; };
		4EABD5A72C182C210089DF1D /* CO2WebpageTracker.app */ = {isa = PBXFileReference; explicitFileType = wrapper.application; includeInIndex = 0; path = CO2WebpageTracker.app; sourceTree = BUILT_PRODUCTS_DIR; };
		4EABD5AA2C182C210089DF1D /* AppDelegate.swift */ = {isa = PBXFileReference; lastKnownFileType = sourcecode.swift; path = AppDelegate.swift; sourceTree = "<group>"; };
		4EABD5AC2C182C210089DF1D /* SceneDelegate.swift */ = {isa = PBXFileReference; lastKnownFileType = sourcecode.swift; path = SceneDelegate.swift; sourceTree = "<group>"; };
		4EABD5AE2C182C210089DF1D /* WebPageListViewController.swift */ = {isa = PBXFileReference; lastKnownFileType = sourcecode.swift; path = WebPageListViewController.swift; sourceTree = "<group>"; };
		4EABD5B42C182C210089DF1D /* CO2WebpageTracker.xcdatamodel */ = {isa = PBXFileReference; lastKnownFileType = wrapper.xcdatamodel; path = CO2WebpageTracker.xcdatamodel; sourceTree = "<group>"; };
		4EABD5B62C182C240089DF1D /* Assets.xcassets */ = {isa = PBXFileReference; lastKnownFileType = folder.assetcatalog; path = Assets.xcassets; sourceTree = "<group>"; };
		4EABD5B92C182C240089DF1D /* Base */ = {isa = PBXFileReference; lastKnownFileType = file.storyboard; name = Base; path = Base.lproj/LaunchScreen.storyboard; sourceTree = "<group>"; };
		4EABD5BB2C182C240089DF1D /* Info.plist */ = {isa = PBXFileReference; lastKnownFileType = text.plist.xml; path = Info.plist; sourceTree = "<group>"; };
		4EABD5C12C1998320089DF1D /* NetworkService.swift */ = {isa = PBXFileReference; lastKnownFileType = sourcecode.swift; path = NetworkService.swift; sourceTree = "<group>"; };
		4EABD5C62C1AD3420089DF1D /* APIErrors.swift */ = {isa = PBXFileReference; lastKnownFileType = sourcecode.swift; path = APIErrors.swift; sourceTree = "<group>"; };
		4EABD5C82C1AD3760089DF1D /* NetworkMonitor.swift */ = {isa = PBXFileReference; lastKnownFileType = sourcecode.swift; path = NetworkMonitor.swift; sourceTree = "<group>"; };
		4EABD5CA2C1AD3C80089DF1D /* Constants.swift */ = {isa = PBXFileReference; lastKnownFileType = sourcecode.swift; path = Constants.swift; sourceTree = "<group>"; };
		4EABD5CC2C1AD6F10089DF1D /* CorboneDTO.swift */ = {isa = PBXFileReference; lastKnownFileType = sourcecode.swift; path = CorboneDTO.swift; sourceTree = "<group>"; };
		4EABD5D02C1AE1E20089DF1D /* WebPageListView.swift */ = {isa = PBXFileReference; lastKnownFileType = sourcecode.swift; path = WebPageListView.swift; sourceTree = "<group>"; };
		4EABD5D22C1AE2260089DF1D /* IWebPageListPresenter.swift */ = {isa = PBXFileReference; lastKnownFileType = sourcecode.swift; path = IWebPageListPresenter.swift; sourceTree = "<group>"; };
		4EABD5D42C1AE2CC0089DF1D /* WebPageListPresenter.swift */ = {isa = PBXFileReference; lastKnownFileType = sourcecode.swift; path = WebPageListPresenter.swift; sourceTree = "<group>"; };
		4EABD5D62C1AE4410089DF1D /* WebPageListTableViewCell.swift */ = {isa = PBXFileReference; lastKnownFileType = sourcecode.swift; path = WebPageListTableViewCell.swift; sourceTree = "<group>"; };
		4EABD5D82C1AE4690089DF1D /* WebPageListViewData.swift */ = {isa = PBXFileReference; lastKnownFileType = sourcecode.swift; path = WebPageListViewData.swift; sourceTree = "<group>"; };
		4EABD5DC2C1C1DAE0089DF1D /* SearchWebPageViewController.swift */ = {isa = PBXFileReference; lastKnownFileType = sourcecode.swift; path = SearchWebPageViewController.swift; sourceTree = "<group>"; };
		4EABD5DE2C1C1E130089DF1D /* WebPageSearchView.swift */ = {isa = PBXFileReference; lastKnownFileType = sourcecode.swift; path = WebPageSearchView.swift; sourceTree = "<group>"; };
		4EABD5E02C1C1FCA0089DF1D /* LoadingView.swift */ = {isa = PBXFileReference; lastKnownFileType = sourcecode.swift; path = LoadingView.swift; sourceTree = "<group>"; };
		4EABD5E22C1C23510089DF1D /* SearchWebPagePresenter.swift */ = {isa = PBXFileReference; lastKnownFileType = sourcecode.swift; path = SearchWebPagePresenter.swift; sourceTree = "<group>"; };
		4EABD5E42C1C23D60089DF1D /* SearchViewData.swift */ = {isa = PBXFileReference; lastKnownFileType = sourcecode.swift; path = SearchViewData.swift; sourceTree = "<group>"; };
		4EABD5E72C1C25CB0089DF1D /* DataService.swift */ = {isa = PBXFileReference; lastKnownFileType = sourcecode.swift; path = DataService.swift; sourceTree = "<group>"; };
		4EABD5EB2C1C285C0089DF1D /* SearchView.swift */ = {isa = PBXFileReference; lastKnownFileType = sourcecode.swift; path = SearchView.swift; sourceTree = "<group>"; };
		4EABD5F12C1C8CB40089DF1D /* WebPageViewController.swift */ = {isa = PBXFileReference; lastKnownFileType = sourcecode.swift; path = WebPageViewController.swift; sourceTree = "<group>"; };
		4EABD5F42C1C8D530089DF1D /* WebPageView.swift */ = {isa = PBXFileReference; lastKnownFileType = sourcecode.swift; path = WebPageView.swift; sourceTree = "<group>"; };
		4EABD5F62C1C8F8F0089DF1D /* CarbonRatingCell.swift */ = {isa = PBXFileReference; lastKnownFileType = sourcecode.swift; path = CarbonRatingCell.swift; sourceTree = "<group>"; };
		4EABD5F82C1C92490089DF1D /* WebPagePresenter.swift */ = {isa = PBXFileReference; lastKnownFileType = sourcecode.swift; path = WebPagePresenter.swift; sourceTree = "<group>"; };
		4EABD5FA2C1C93050089DF1D /* WebPageViewData.swift */ = {isa = PBXFileReference; lastKnownFileType = sourcecode.swift; path = WebPageViewData.swift; sourceTree = "<group>"; };
		4EABD5FC2C1C95240089DF1D /* WebPageSection.swift */ = {isa = PBXFileReference; lastKnownFileType = sourcecode.swift; path = WebPageSection.swift; sourceTree = "<group>"; };
		4EAC84742C2008B700F6CD8A /* TabBarController.swift */ = {isa = PBXFileReference; lastKnownFileType = sourcecode.swift; path = TabBarController.swift; sourceTree = "<group>"; };
		4EAC84762C202E7300F6CD8A /* UIColor + hex.swift */ = {isa = PBXFileReference; lastKnownFileType = sourcecode.swift; path = "UIColor + hex.swift"; sourceTree = "<group>"; };
		4EAC84782C20340E00F6CD8A /* DescriptionConstructor.swift */ = {isa = PBXFileReference; lastKnownFileType = sourcecode.swift; path = DescriptionConstructor.swift; sourceTree = "<group>"; };
		4EAC847F2C20550400F6CD8A /* UIColor + customColor.swift */ = {isa = PBXFileReference; lastKnownFileType = sourcecode.swift; path = "UIColor + customColor.swift"; sourceTree = "<group>"; };
		4EAC84812C20995F00F6CD8A /* UIFont + CustomFont.swift */ = {isa = PBXFileReference; lastKnownFileType = sourcecode.swift; path = "UIFont + CustomFont.swift"; sourceTree = "<group>"; };
		4EAC84832C215BC700F6CD8A /* GradientRatingView.swift */ = {isa = PBXFileReference; lastKnownFileType = sourcecode.swift; path = GradientRatingView.swift; sourceTree = "<group>"; };
		4EAC84892C21A3A100F6CD8A /* WebPageInfo+CoreDataClass.swift */ = {isa = PBXFileReference; lastKnownFileType = sourcecode.swift; path = "WebPageInfo+CoreDataClass.swift"; sourceTree = SOURCE_ROOT; };
		4EAC848A2C21A3A100F6CD8A /* WebPageInfo+CoreDataProperties.swift */ = {isa = PBXFileReference; lastKnownFileType = sourcecode.swift; path = "WebPageInfo+CoreDataProperties.swift"; sourceTree = SOURCE_ROOT; };
		4EAC848D2C21C2F800F6CD8A /* StepperDelegate.swift */ = {isa = PBXFileReference; lastKnownFileType = sourcecode.swift; path = StepperDelegate.swift; sourceTree = "<group>"; };
		4EAC84902C21FC7300F6CD8A /* CoreDataErrors.swift */ = {isa = PBXFileReference; lastKnownFileType = sourcecode.swift; path = CoreDataErrors.swift; sourceTree = "<group>"; };
		4EAC84922C2201A400F6CD8A /* DataMapper.swift */ = {isa = PBXFileReference; lastKnownFileType = sourcecode.swift; path = DataMapper.swift; sourceTree = "<group>"; };
/* End PBXFileReference section */

/* Begin PBXFrameworksBuildPhase section */
		4EABD5A42C182C210089DF1D /* Frameworks */ = {
			isa = PBXFrameworksBuildPhase;
			buildActionMask = 2147483647;
			files = (
			);
			runOnlyForDeploymentPostprocessing = 0;
		};
/* End PBXFrameworksBuildPhase section */

/* Begin PBXGroup section */
		4E34E0302C1DDCC0004D15A5 /* Factories */ = {
			isa = PBXGroup;
			children = (
				4E34E0292C1DBF13004D15A5 /* ScreenFactory.swift */,
			);
			path = Factories;
			sourceTree = "<group>";
		};
		4E34E0352C1EAA1D004D15A5 /* TabBar */ = {
			isa = PBXGroup;
			children = (
				4E34E0332C1EAA01004D15A5 /* TabBarCoordinator.swift */,
				4E34E0272C1DBE0D004D15A5 /* Coordinator.swift */,
				4EAC84742C2008B700F6CD8A /* TabBarController.swift */,
			);
			path = TabBar;
			sourceTree = "<group>";
		};
		4E34E0362C1EAB80004D15A5 /* TabBarItemCoordinator */ = {
			isa = PBXGroup;
			children = (
				4E34E0372C1EAB9B004D15A5 /* SearchCoordinator.swift */,
				4E34E02D2C1DCA1F004D15A5 /* WebPageListCoordinator.swift */,
				4E34E0442C1F178A004D15A5 /* WebPageCoordinator.swift */,
			);
			path = TabBarItemCoordinator;
			sourceTree = "<group>";
		};
		4E34E03F2C1EEE66004D15A5 /* Cell */ = {
			isa = PBXGroup;
			children = (
				4EABD5F62C1C8F8F0089DF1D /* CarbonRatingCell.swift */,
				4E34E0422C1EF3AD004D15A5 /* RenewableCell.swift */,
				4E34E0402C1EF387004D15A5 /* EnergyWasteTypeCell.swift */,
				4EAC848F2C21CB1600F6CD8A /* CarbonCellSubview */,
			);
			path = Cell;
			sourceTree = "<group>";
		};
		4EABD59E2C182C210089DF1D = {
			isa = PBXGroup;
			children = (
				4EABD5A92C182C210089DF1D /* CO2WebpageTracker */,
				4EABD5A82C182C210089DF1D /* Products */,
			);
			sourceTree = "<group>";
		};
		4EABD5A82C182C210089DF1D /* Products */ = {
			isa = PBXGroup;
			children = (
				4EABD5A72C182C210089DF1D /* CO2WebpageTracker.app */,
			);
			name = Products;
			sourceTree = "<group>";
		};
		4EABD5A92C182C210089DF1D /* CO2WebpageTracker */ = {
			isa = PBXGroup;
			children = (
				4EABD5C32C1AD0090089DF1D /* App */,
				4EABD5F02C1C822E0089DF1D /* Navigation */,
				4EABD5FE2C1C964E0089DF1D /* Modules */,
				4EABD5C52C1AD0CF0089DF1D /* Services */,
				4EABD5ED2C1C56420089DF1D /* Helpers */,
				4EABD5BB2C182C240089DF1D /* Info.plist */,
			);
			path = CO2WebpageTracker;
			sourceTree = "<group>";
		};
		4EABD5C32C1AD0090089DF1D /* App */ = {
			isa = PBXGroup;
			children = (
				4EABD5AA2C182C210089DF1D /* AppDelegate.swift */,
				4EABD5AC2C182C210089DF1D /* SceneDelegate.swift */,
			);
			path = App;
			sourceTree = "<group>";
		};
		4EABD5C42C1AD0100089DF1D /* WebPageListModule */ = {
			isa = PBXGroup;
			children = (
				4EABD5AE2C182C210089DF1D /* WebPageListViewController.swift */,
				4EABD5D02C1AE1E20089DF1D /* WebPageListView.swift */,
				4EABD5D22C1AE2260089DF1D /* IWebPageListPresenter.swift */,
				4EABD5D42C1AE2CC0089DF1D /* WebPageListPresenter.swift */,
				4EABD5D82C1AE4690089DF1D /* WebPageListViewData.swift */,
				4E34E03D2C1ED983004D15A5 /* FRCDelegate.swift */,
				4EABD5DA2C1AED050089DF1D /* Cell */,
			);
			path = WebPageListModule;
			sourceTree = "<group>";
		};
		4EABD5C52C1AD0CF0089DF1D /* Services */ = {
			isa = PBXGroup;
			children = (
				4EABD5E62C1C25B30089DF1D /* NetworkService */,
				4EABD5E92C1C25D00089DF1D /* DataService */,
			);
			path = Services;
			sourceTree = "<group>";
		};
		4EABD5DA2C1AED050089DF1D /* Cell */ = {
			isa = PBXGroup;
			children = (
				4EABD5D62C1AE4410089DF1D /* WebPageListTableViewCell.swift */,
			);
			path = Cell;
			sourceTree = "<group>";
		};
		4EABD5DB2C1C1D870089DF1D /* SearchModule */ = {
			isa = PBXGroup;
			children = (
				4EABD5DC2C1C1DAE0089DF1D /* SearchWebPageViewController.swift */,
				4EABD5DE2C1C1E130089DF1D /* WebPageSearchView.swift */,
				4EABD5E42C1C23D60089DF1D /* SearchViewData.swift */,
				4EABD5E22C1C23510089DF1D /* SearchWebPagePresenter.swift */,
				4EABD5EA2C1C26D10089DF1D /* Subviews */,
			);
			path = SearchModule;
			sourceTree = "<group>";
		};
		4EABD5E62C1C25B30089DF1D /* NetworkService */ = {
			isa = PBXGroup;
			children = (
				4EABD5C12C1998320089DF1D /* NetworkService.swift */,
				4EABD5C62C1AD3420089DF1D /* APIErrors.swift */,
				4EABD5C82C1AD3760089DF1D /* NetworkMonitor.swift */,
				4EABD5CC2C1AD6F10089DF1D /* CorboneDTO.swift */,
			);
			path = NetworkService;
			sourceTree = "<group>";
		};
		4EABD5E92C1C25D00089DF1D /* DataService */ = {
			isa = PBXGroup;
			children = (
				4EAC84892C21A3A100F6CD8A /* WebPageInfo+CoreDataClass.swift */,
				4EAC848A2C21A3A100F6CD8A /* WebPageInfo+CoreDataProperties.swift */,
				4EABD5E72C1C25CB0089DF1D /* DataService.swift */,
				4EABD5B32C182C210089DF1D /* CO2WebpageTracker.xcdatamodeld */,
				4EAC84902C21FC7300F6CD8A /* CoreDataErrors.swift */,
			);
			path = DataService;
			sourceTree = "<group>";
		};
		4EABD5EA2C1C26D10089DF1D /* Subviews */ = {
			isa = PBXGroup;
			children = (
				4EABD5E02C1C1FCA0089DF1D /* LoadingView.swift */,
				4EABD5EB2C1C285C0089DF1D /* SearchView.swift */,
			);
			path = Subviews;
			sourceTree = "<group>";
		};
		4EABD5ED2C1C56420089DF1D /* Helpers */ = {
			isa = PBXGroup;
			children = (
				4EABD5B62C182C240089DF1D /* Assets.xcassets */,
				4EABD5CA2C1AD3C80089DF1D /* Constants.swift */,
				4E34E04E2C1F5DBA004D15A5 /* desc.md */,
				4E34E04C2C1F5C2A004D15A5 /* Descriptions.plist */,
				4EABD5B82C182C240089DF1D /* LaunchScreen.storyboard */,
				4EAC847A2C20349900F6CD8A /* Extensions */,
				4EAC84782C20340E00F6CD8A /* DescriptionConstructor.swift */,
			);
			path = Helpers;
			sourceTree = "<group>";
		};
		4EABD5F02C1C822E0089DF1D /* Navigation */ = {
			isa = PBXGroup;
			children = (
				4E34E0352C1EAA1D004D15A5 /* TabBar */,
				4E34E0362C1EAB80004D15A5 /* TabBarItemCoordinator */,
				4E34E0302C1DDCC0004D15A5 /* Factories */,
			);
			path = Navigation;
			sourceTree = "<group>";
		};
		4EABD5F32C1C8CB80089DF1D /* WebPageModule */ = {
			isa = PBXGroup;
			children = (
				4EABD5F12C1C8CB40089DF1D /* WebPageViewController.swift */,
				4EABD5F42C1C8D530089DF1D /* WebPageView.swift */,
				4EABD5F82C1C92490089DF1D /* WebPagePresenter.swift */,
				4EABD5FA2C1C93050089DF1D /* WebPageViewData.swift */,
				4EABD5FC2C1C95240089DF1D /* WebPageSection.swift */,
				4EAC848D2C21C2F800F6CD8A /* StepperDelegate.swift */,
				4EAC84922C2201A400F6CD8A /* DataMapper.swift */,
				4E34E03F2C1EEE66004D15A5 /* Cell */,
			);
			path = WebPageModule;
			sourceTree = "<group>";
		};
		4EABD5FE2C1C964E0089DF1D /* Modules */ = {
			isa = PBXGroup;
			children = (
				4EABD5DB2C1C1D870089DF1D /* SearchModule */,
				4EABD5C42C1AD0100089DF1D /* WebPageListModule */,
				4EABD5F32C1C8CB80089DF1D /* WebPageModule */,
			);
			path = Modules;
			sourceTree = "<group>";
		};
		4EAC847A2C20349900F6CD8A /* Extensions */ = {
			isa = PBXGroup;
			children = (
				4EAC84762C202E7300F6CD8A /* UIColor + hex.swift */,
				4EAC84812C20995F00F6CD8A /* UIFont + CustomFont.swift */,
				4EAC847F2C20550400F6CD8A /* UIColor + customColor.swift */,
			);
			path = Extensions;
			sourceTree = "<group>";
		};
		4EAC848F2C21CB1600F6CD8A /* CarbonCellSubview */ = {
			isa = PBXGroup;
			children = (
				4EAC84832C215BC700F6CD8A /* GradientRatingView.swift */,
			);
			path = CarbonCellSubview;
			sourceTree = "<group>";
		};
/* End PBXGroup section */

/* Begin PBXNativeTarget section */
		4EABD5A62C182C210089DF1D /* CO2WebpageTracker */ = {
			isa = PBXNativeTarget;
			buildConfigurationList = 4EABD5BE2C182C240089DF1D /* Build configuration list for PBXNativeTarget "CO2WebpageTracker" */;
			buildPhases = (
				4EABD5A32C182C210089DF1D /* Sources */,
				4EABD5A42C182C210089DF1D /* Frameworks */,
				4EABD5A52C182C210089DF1D /* Resources */,
			);
			buildRules = (
			);
			dependencies = (
			);
			name = CO2WebpageTracker;
			productName = CO2WebpageTracker;
			productReference = 4EABD5A72C182C210089DF1D /* CO2WebpageTracker.app */;
			productType = "com.apple.product-type.application";
		};
/* End PBXNativeTarget section */

/* Begin PBXProject section */
		4EABD59F2C182C210089DF1D /* Project object */ = {
			isa = PBXProject;
			attributes = {
				BuildIndependentTargetsInParallel = 1;
				LastSwiftUpdateCheck = 1500;
				LastUpgradeCheck = 1500;
				TargetAttributes = {
					4EABD5A62C182C210089DF1D = {
						CreatedOnToolsVersion = 15.0;
					};
				};
			};
			buildConfigurationList = 4EABD5A22C182C210089DF1D /* Build configuration list for PBXProject "CO2WebpageTracker" */;
			compatibilityVersion = "Xcode 14.0";
			developmentRegion = en;
			hasScannedForEncodings = 0;
			knownRegions = (
				en,
				Base,
			);
			mainGroup = 4EABD59E2C182C210089DF1D;
			productRefGroup = 4EABD5A82C182C210089DF1D /* Products */;
			projectDirPath = "";
			projectRoot = "";
			targets = (
				4EABD5A62C182C210089DF1D /* CO2WebpageTracker */,
			);
		};
/* End PBXProject section */

/* Begin PBXResourcesBuildPhase section */
		4EABD5A52C182C210089DF1D /* Resources */ = {
			isa = PBXResourcesBuildPhase;
			buildActionMask = 2147483647;
			files = (
				4EABD5BA2C182C240089DF1D /* LaunchScreen.storyboard in Resources */,
				4EABD5B72C182C240089DF1D /* Assets.xcassets in Resources */,
				4E34E04D2C1F5C2A004D15A5 /* Descriptions.plist in Resources */,
			);
			runOnlyForDeploymentPostprocessing = 0;
		};
/* End PBXResourcesBuildPhase section */

/* Begin PBXSourcesBuildPhase section */
		4EABD5A32C182C210089DF1D /* Sources */ = {
			isa = PBXSourcesBuildPhase;
			buildActionMask = 2147483647;
			files = (
				4EABD5FB2C1C93050089DF1D /* WebPageViewData.swift in Sources */,
				4EAC84912C21FC7300F6CD8A /* CoreDataErrors.swift in Sources */,
				4EABD5F22C1C8CB40089DF1D /* WebPageViewController.swift in Sources */,
				4EABD5F72C1C8F8F0089DF1D /* CarbonRatingCell.swift in Sources */,
				4EAC84932C2201A400F6CD8A /* DataMapper.swift in Sources */,
				4EAC848B2C21A3A100F6CD8A /* WebPageInfo+CoreDataClass.swift in Sources */,
				4EABD5CD2C1AD6F10089DF1D /* CorboneDTO.swift in Sources */,
				4EAC84822C20995F00F6CD8A /* UIFont + CustomFont.swift in Sources */,
				4E34E02A2C1DBF13004D15A5 /* ScreenFactory.swift in Sources */,
				4EAC84792C20340E00F6CD8A /* DescriptionConstructor.swift in Sources */,
				4EABD5AF2C182C210089DF1D /* WebPageListViewController.swift in Sources */,
				4EAC848C2C21A3A100F6CD8A /* WebPageInfo+CoreDataProperties.swift in Sources */,
				4E34E0382C1EAB9B004D15A5 /* SearchCoordinator.swift in Sources */,
				4EABD5E52C1C23D60089DF1D /* SearchViewData.swift in Sources */,
				4E34E0412C1EF387004D15A5 /* EnergyWasteTypeCell.swift in Sources */,
				4EABD5D92C1AE4690089DF1D /* WebPageListViewData.swift in Sources */,
				4EABD5F92C1C92490089DF1D /* WebPagePresenter.swift in Sources */,
				4E34E0432C1EF3AD004D15A5 /* RenewableCell.swift in Sources */,
				4EABD5D32C1AE2260089DF1D /* IWebPageListPresenter.swift in Sources */,
				4EABD5DD2C1C1DAE0089DF1D /* SearchWebPageViewController.swift in Sources */,
				4EABD5B52C182C210089DF1D /* CO2WebpageTracker.xcdatamodeld in Sources */,
				4EAC848E2C21C2F800F6CD8A /* StepperDelegate.swift in Sources */,
				4EABD5DF2C1C1E130089DF1D /* WebPageSearchView.swift in Sources */,
				4EABD5AB2C182C210089DF1D /* AppDelegate.swift in Sources */,
				4EAC84842C215BC700F6CD8A /* GradientRatingView.swift in Sources */,
				4EABD5C22C1998320089DF1D /* NetworkService.swift in Sources */,
				4EAC84772C202E7300F6CD8A /* UIColor + hex.swift in Sources */,
				4E34E03E2C1ED983004D15A5 /* FRCDelegate.swift in Sources */,
				4EABD5EC2C1C285C0089DF1D /* SearchView.swift in Sources */,
				4EABD5AD2C182C210089DF1D /* SceneDelegate.swift in Sources */,
				4EABD5FD2C1C95240089DF1D /* WebPageSection.swift in Sources */,
				4EABD5C72C1AD3420089DF1D /* APIErrors.swift in Sources */,
				4EABD5D52C1AE2CC0089DF1D /* WebPageListPresenter.swift in Sources */,
				4EABD5D12C1AE1E20089DF1D /* WebPageListView.swift in Sources */,
				4EAC84752C2008B700F6CD8A /* TabBarController.swift in Sources */,
				4E34E0342C1EAA01004D15A5 /* TabBarCoordinator.swift in Sources */,
				4E34E02E2C1DCA1F004D15A5 /* WebPageListCoordinator.swift in Sources */,
				4EABD5F52C1C8D530089DF1D /* WebPageView.swift in Sources */,
				4E34E0282C1DBE0D004D15A5 /* Coordinator.swift in Sources */,
				4EAC84802C20550400F6CD8A /* UIColor + customColor.swift in Sources */,
				4EABD5E82C1C25CB0089DF1D /* DataService.swift in Sources */,
				4E34E0452C1F178A004D15A5 /* WebPageCoordinator.swift in Sources */,
				4EABD5D72C1AE4410089DF1D /* WebPageListTableViewCell.swift in Sources */,
				4EABD5E32C1C23510089DF1D /* SearchWebPagePresenter.swift in Sources */,
				4EABD5C92C1AD3760089DF1D /* NetworkMonitor.swift in Sources */,
				4EABD5CB2C1AD3C80089DF1D /* Constants.swift in Sources */,
				4EABD5E12C1C1FCA0089DF1D /* LoadingView.swift in Sources */,
			);
			runOnlyForDeploymentPostprocessing = 0;
		};
/* End PBXSourcesBuildPhase section */

/* Begin PBXVariantGroup section */
		4EABD5B82C182C240089DF1D /* LaunchScreen.storyboard */ = {
			isa = PBXVariantGroup;
			children = (
				4EABD5B92C182C240089DF1D /* Base */,
			);
			name = LaunchScreen.storyboard;
			sourceTree = "<group>";
		};
/* End PBXVariantGroup section */

/* Begin XCBuildConfiguration section */
		4EABD5BC2C182C240089DF1D /* Debug */ = {
			isa = XCBuildConfiguration;
			buildSettings = {
				ALWAYS_SEARCH_USER_PATHS = NO;
				ASSETCATALOG_COMPILER_GENERATE_SWIFT_ASSET_SYMBOL_EXTENSIONS = YES;
				CLANG_ANALYZER_NONNULL = YES;
				CLANG_ANALYZER_NUMBER_OBJECT_CONVERSION = YES_AGGRESSIVE;
				CLANG_CXX_LANGUAGE_STANDARD = "gnu++20";
				CLANG_ENABLE_MODULES = YES;
				CLANG_ENABLE_OBJC_ARC = YES;
				CLANG_ENABLE_OBJC_WEAK = YES;
				CLANG_WARN_BLOCK_CAPTURE_AUTORELEASING = YES;
				CLANG_WARN_BOOL_CONVERSION = YES;
				CLANG_WARN_COMMA = YES;
				CLANG_WARN_CONSTANT_CONVERSION = YES;
				CLANG_WARN_DEPRECATED_OBJC_IMPLEMENTATIONS = YES;
				CLANG_WARN_DIRECT_OBJC_ISA_USAGE = YES_ERROR;
				CLANG_WARN_DOCUMENTATION_COMMENTS = YES;
				CLANG_WARN_EMPTY_BODY = YES;
				CLANG_WARN_ENUM_CONVERSION = YES;
				CLANG_WARN_INFINITE_RECURSION = YES;
				CLANG_WARN_INT_CONVERSION = YES;
				CLANG_WARN_NON_LITERAL_NULL_CONVERSION = YES;
				CLANG_WARN_OBJC_IMPLICIT_RETAIN_SELF = YES;
				CLANG_WARN_OBJC_LITERAL_CONVERSION = YES;
				CLANG_WARN_OBJC_ROOT_CLASS = YES_ERROR;
				CLANG_WARN_QUOTED_INCLUDE_IN_FRAMEWORK_HEADER = YES;
				CLANG_WARN_RANGE_LOOP_ANALYSIS = YES;
				CLANG_WARN_STRICT_PROTOTYPES = YES;
				CLANG_WARN_SUSPICIOUS_MOVE = YES;
				CLANG_WARN_UNGUARDED_AVAILABILITY = YES_AGGRESSIVE;
				CLANG_WARN_UNREACHABLE_CODE = YES;
				CLANG_WARN__DUPLICATE_METHOD_MATCH = YES;
				COPY_PHASE_STRIP = NO;
				DEBUG_INFORMATION_FORMAT = dwarf;
				ENABLE_STRICT_OBJC_MSGSEND = YES;
				ENABLE_TESTABILITY = YES;
				ENABLE_USER_SCRIPT_SANDBOXING = YES;
				GCC_C_LANGUAGE_STANDARD = gnu17;
				GCC_DYNAMIC_NO_PIC = NO;
				GCC_NO_COMMON_BLOCKS = YES;
				GCC_OPTIMIZATION_LEVEL = 0;
				GCC_PREPROCESSOR_DEFINITIONS = (
					"DEBUG=1",
					"$(inherited)",
				);
				GCC_WARN_64_TO_32_BIT_CONVERSION = YES;
				GCC_WARN_ABOUT_RETURN_TYPE = YES_ERROR;
				GCC_WARN_UNDECLARED_SELECTOR = YES;
				GCC_WARN_UNINITIALIZED_AUTOS = YES_AGGRESSIVE;
				GCC_WARN_UNUSED_FUNCTION = YES;
				GCC_WARN_UNUSED_VARIABLE = YES;
				IPHONEOS_DEPLOYMENT_TARGET = 17.0;
				LOCALIZATION_PREFERS_STRING_CATALOGS = YES;
				MTL_ENABLE_DEBUG_INFO = INCLUDE_SOURCE;
				MTL_FAST_MATH = YES;
				ONLY_ACTIVE_ARCH = YES;
				SDKROOT = iphoneos;
				SWIFT_ACTIVE_COMPILATION_CONDITIONS = "DEBUG $(inherited)";
				SWIFT_OPTIMIZATION_LEVEL = "-Onone";
			};
			name = Debug;
		};
		4EABD5BD2C182C240089DF1D /* Release */ = {
			isa = XCBuildConfiguration;
			buildSettings = {
				ALWAYS_SEARCH_USER_PATHS = NO;
				ASSETCATALOG_COMPILER_GENERATE_SWIFT_ASSET_SYMBOL_EXTENSIONS = YES;
				CLANG_ANALYZER_NONNULL = YES;
				CLANG_ANALYZER_NUMBER_OBJECT_CONVERSION = YES_AGGRESSIVE;
				CLANG_CXX_LANGUAGE_STANDARD = "gnu++20";
				CLANG_ENABLE_MODULES = YES;
				CLANG_ENABLE_OBJC_ARC = YES;
				CLANG_ENABLE_OBJC_WEAK = YES;
				CLANG_WARN_BLOCK_CAPTURE_AUTORELEASING = YES;
				CLANG_WARN_BOOL_CONVERSION = YES;
				CLANG_WARN_COMMA = YES;
				CLANG_WARN_CONSTANT_CONVERSION = YES;
				CLANG_WARN_DEPRECATED_OBJC_IMPLEMENTATIONS = YES;
				CLANG_WARN_DIRECT_OBJC_ISA_USAGE = YES_ERROR;
				CLANG_WARN_DOCUMENTATION_COMMENTS = YES;
				CLANG_WARN_EMPTY_BODY = YES;
				CLANG_WARN_ENUM_CONVERSION = YES;
				CLANG_WARN_INFINITE_RECURSION = YES;
				CLANG_WARN_INT_CONVERSION = YES;
				CLANG_WARN_NON_LITERAL_NULL_CONVERSION = YES;
				CLANG_WARN_OBJC_IMPLICIT_RETAIN_SELF = YES;
				CLANG_WARN_OBJC_LITERAL_CONVERSION = YES;
				CLANG_WARN_OBJC_ROOT_CLASS = YES_ERROR;
				CLANG_WARN_QUOTED_INCLUDE_IN_FRAMEWORK_HEADER = YES;
				CLANG_WARN_RANGE_LOOP_ANALYSIS = YES;
				CLANG_WARN_STRICT_PROTOTYPES = YES;
				CLANG_WARN_SUSPICIOUS_MOVE = YES;
				CLANG_WARN_UNGUARDED_AVAILABILITY = YES_AGGRESSIVE;
				CLANG_WARN_UNREACHABLE_CODE = YES;
				CLANG_WARN__DUPLICATE_METHOD_MATCH = YES;
				COPY_PHASE_STRIP = NO;
				DEBUG_INFORMATION_FORMAT = "dwarf-with-dsym";
				ENABLE_NS_ASSERTIONS = NO;
				ENABLE_STRICT_OBJC_MSGSEND = YES;
				ENABLE_USER_SCRIPT_SANDBOXING = YES;
				GCC_C_LANGUAGE_STANDARD = gnu17;
				GCC_NO_COMMON_BLOCKS = YES;
				GCC_WARN_64_TO_32_BIT_CONVERSION = YES;
				GCC_WARN_ABOUT_RETURN_TYPE = YES_ERROR;
				GCC_WARN_UNDECLARED_SELECTOR = YES;
				GCC_WARN_UNINITIALIZED_AUTOS = YES_AGGRESSIVE;
				GCC_WARN_UNUSED_FUNCTION = YES;
				GCC_WARN_UNUSED_VARIABLE = YES;
				IPHONEOS_DEPLOYMENT_TARGET = 17.0;
				LOCALIZATION_PREFERS_STRING_CATALOGS = YES;
				MTL_ENABLE_DEBUG_INFO = NO;
				MTL_FAST_MATH = YES;
				SDKROOT = iphoneos;
				SWIFT_COMPILATION_MODE = wholemodule;
				VALIDATE_PRODUCT = YES;
			};
			name = Release;
		};
		4EABD5BF2C182C240089DF1D /* Debug */ = {
			isa = XCBuildConfiguration;
			buildSettings = {
				ASSETCATALOG_COMPILER_APPICON_NAME = AppIcon;
				ASSETCATALOG_COMPILER_GLOBAL_ACCENT_COLOR_NAME = AccentColor;
				CODE_SIGN_STYLE = Automatic;
				CURRENT_PROJECT_VERSION = 1;
				DEVELOPMENT_TEAM = KA9UYNJBGG;
				GENERATE_INFOPLIST_FILE = YES;
				INFOPLIST_FILE = CO2WebpageTracker/Info.plist;
				INFOPLIST_KEY_LSApplicationCategoryType = "";
				INFOPLIST_KEY_UIApplicationSupportsIndirectInputEvents = YES;
				INFOPLIST_KEY_UILaunchStoryboardName = LaunchScreen;
				INFOPLIST_KEY_UISupportedInterfaceOrientations_iPad = "UIInterfaceOrientationPortrait UIInterfaceOrientationPortraitUpsideDown UIInterfaceOrientationLandscapeLeft UIInterfaceOrientationLandscapeRight";
				INFOPLIST_KEY_UISupportedInterfaceOrientations_iPhone = "UIInterfaceOrientationPortrait UIInterfaceOrientationLandscapeLeft UIInterfaceOrientationLandscapeRight";
				IPHONEOS_DEPLOYMENT_TARGET = 15.0;
				LD_RUNPATH_SEARCH_PATHS = (
					"$(inherited)",
					"@executable_path/Frameworks",
				);
				MARKETING_VERSION = 1.0;
				PRODUCT_BUNDLE_IDENTIFIER = com.CO2WebpageTracker;
				PRODUCT_NAME = "$(TARGET_NAME)";
				SWIFT_EMIT_LOC_STRINGS = YES;
				SWIFT_VERSION = 5.0;
				TARGETED_DEVICE_FAMILY = "1,2";
			};
			name = Debug;
		};
		4EABD5C02C182C240089DF1D /* Release */ = {
			isa = XCBuildConfiguration;
			buildSettings = {
				ASSETCATALOG_COMPILER_APPICON_NAME = AppIcon;
				ASSETCATALOG_COMPILER_GLOBAL_ACCENT_COLOR_NAME = AccentColor;
				CODE_SIGN_STYLE = Automatic;
				CURRENT_PROJECT_VERSION = 1;
				DEVELOPMENT_TEAM = KA9UYNJBGG;
				GENERATE_INFOPLIST_FILE = YES;
				INFOPLIST_FILE = CO2WebpageTracker/Info.plist;
				INFOPLIST_KEY_LSApplicationCategoryType = "";
				INFOPLIST_KEY_UIApplicationSupportsIndirectInputEvents = YES;
				INFOPLIST_KEY_UILaunchStoryboardName = LaunchScreen;
				INFOPLIST_KEY_UISupportedInterfaceOrientations_iPad = "UIInterfaceOrientationPortrait UIInterfaceOrientationPortraitUpsideDown UIInterfaceOrientationLandscapeLeft UIInterfaceOrientationLandscapeRight";
				INFOPLIST_KEY_UISupportedInterfaceOrientations_iPhone = "UIInterfaceOrientationPortrait UIInterfaceOrientationLandscapeLeft UIInterfaceOrientationLandscapeRight";
				IPHONEOS_DEPLOYMENT_TARGET = 15.0;
				LD_RUNPATH_SEARCH_PATHS = (
					"$(inherited)",
					"@executable_path/Frameworks",
				);
				MARKETING_VERSION = 1.0;
				PRODUCT_BUNDLE_IDENTIFIER = com.CO2WebpageTracker;
				PRODUCT_NAME = "$(TARGET_NAME)";
				SWIFT_EMIT_LOC_STRINGS = YES;
				SWIFT_VERSION = 5.0;
				TARGETED_DEVICE_FAMILY = "1,2";
			};
			name = Release;
		};
/* End XCBuildConfiguration section */

/* Begin XCConfigurationList section */
		4EABD5A22C182C210089DF1D /* Build configuration list for PBXProject "CO2WebpageTracker" */ = {
			isa = XCConfigurationList;
			buildConfigurations = (
				4EABD5BC2C182C240089DF1D /* Debug */,
				4EABD5BD2C182C240089DF1D /* Release */,
			);
			defaultConfigurationIsVisible = 0;
			defaultConfigurationName = Release;
		};
		4EABD5BE2C182C240089DF1D /* Build configuration list for PBXNativeTarget "CO2WebpageTracker" */ = {
			isa = XCConfigurationList;
			buildConfigurations = (
				4EABD5BF2C182C240089DF1D /* Debug */,
				4EABD5C02C182C240089DF1D /* Release */,
			);
			defaultConfigurationIsVisible = 0;
			defaultConfigurationName = Release;
		};
/* End XCConfigurationList section */

/* Begin XCVersionGroup section */
		4EABD5B32C182C210089DF1D /* CO2WebpageTracker.xcdatamodeld */ = {
			isa = XCVersionGroup;
			children = (
				4EABD5B42C182C210089DF1D /* CO2WebpageTracker.xcdatamodel */,
			);
			currentVersion = 4EABD5B42C182C210089DF1D /* CO2WebpageTracker.xcdatamodel */;
			path = CO2WebpageTracker.xcdatamodeld;
			sourceTree = "<group>";
			versionGroupType = wrapper.xcdatamodel;
		};
/* End XCVersionGroup section */
	};
	rootObject = 4EABD59F2C182C210089DF1D /* Project object */;
}
